
Microsoft Visual Studio Solution File, Format Version 12.00
# Visual Studio Version 17
VisualStudioVersion = 17.1.32421.90
MinimumVisualStudioVersion = 10.0.40219.1
Project("{FAE04EC0-301F-11D3-BF4B-00C04F79EFBC}") = "ReleApp", "ReleApp\ReleApp.csproj", "{86B03F4B-B2C6-4D44-8E92-8F0A65A3D4A4}"
EndProject
Global
	GlobalSection(SolutionConfigurationPlatforms) = preSolution
		Debug|Any CPU = Debug|Any CPU
		Release|Any CPU = Release|Any CPU
	EndGlobalSection
	GlobalSection(ProjectConfigurationPlatforms) = postSolution
		{86B03F4B-B2C6-4D44-8E92-8F0A65A3D4A4}.Debug|Any CPU.ActiveCfg = Debug|Any CPU
		{86B03F4B-B2C6-4D44-8E92-8F0A65A3D4A4}.Debug|Any CPU.Build.0 = Debug|Any CPU
		{86B03F4B-B2C6-4D44-8E92-8F0A65A3D4A4}.Release|Any CPU.ActiveCfg = Release|Any CPU
		{86B03F4B-B2C6-4D44-8E92-8F0A65A3D4A4}.Release|Any CPU.Build.0 = Release|Any CPU
	EndGlobalSection
	GlobalSection(SolutionProperties) = preSolution
		HideSolutionNode = FALSE
	EndGlobalSection
	GlobalSection(ExtensibilityGlobals) = postSolution
		SolutionGuid = {FBF1533B-2A8F-4F33-B6CB-BAC4C5D06870}
	EndGlobalSection
EndGlobal
